
Microsoft Visual Studio Solution File, Format Version 12.00
# Visual Studio 15
VisualStudioVersion = 15.0.28307.645
MinimumVisualStudioVersion = 10.0.40219.1
Project("{FAE04EC0-301F-11D3-BF4B-00C04F79EFBC}") = "Lesson 15 - Calculator", "Lesson 15 - Calculator\Lesson 15 - Calculator.csproj", "{EC9B5143-1A3F-465F-B171-DF5517D3A7AB}"
EndProject
Global
	GlobalSection(SolutionConfigurationPlatforms) = preSolution
		Debug|Any CPU = Debug|Any CPU
		Release|Any CPU = Release|Any CPU
	EndGlobalSection
	GlobalSection(ProjectConfigurationPlatforms) = postSolution
		{EC9B5143-1A3F-465F-B171-DF5517D3A7AB}.Debug|Any CPU.ActiveCfg = Debug|Any CPU
		{EC9B5143-1A3F-465F-B171-DF5517D3A7AB}.Debug|Any CPU.Build.0 = Debug|Any CPU
		{EC9B5143-1A3F-465F-B171-DF5517D3A7AB}.Release|Any CPU.ActiveCfg = Release|Any CPU
		{EC9B5143-1A3F-465F-B171-DF5517D3A7AB}.Release|Any CPU.Build.0 = Release|Any CPU
	EndGlobalSection
	GlobalSection(SolutionProperties) = preSolution
		HideSolutionNode = FALSE
	EndGlobalSection
	GlobalSection(ExtensibilityGlobals) = postSolution
		SolutionGuid = {76193F4A-0186-4C18-9F50-2C06E340F9FB}
	EndGlobalSection
EndGlobal
