
Microsoft Visual Studio Solution File, Format Version 12.00
# Visual Studio 15
VisualStudioVersion = 15.0.28307.645
MinimumVisualStudioVersion = 10.0.40219.1
Project("{FAE04EC0-301F-11D3-BF4B-00C04F79EFBC}") = "Lesson 9 - Scroll bars", "Lesson 9 - Scroll bars\Lesson 9 - Scroll bars.csproj", "{2A50C206-FB95-4811-96A1-6E7E5BB325A1}"
EndProject
Project("{FAE04EC0-301F-11D3-BF4B-00C04F79EFBC}") = "Scrol bar", "Scrol bar\Scrol bar.csproj", "{B6683DAD-181A-4D52-8A1D-37DE1552EF37}"
EndProject
Global
	GlobalSection(SolutionConfigurationPlatforms) = preSolution
		Debug|Any CPU = Debug|Any CPU
		Release|Any CPU = Release|Any CPU
	EndGlobalSection
	GlobalSection(ProjectConfigurationPlatforms) = postSolution
		{2A50C206-FB95-4811-96A1-6E7E5BB325A1}.Debug|Any CPU.ActiveCfg = Debug|Any CPU
		{2A50C206-FB95-4811-96A1-6E7E5BB325A1}.Debug|Any CPU.Build.0 = Debug|Any CPU
		{2A50C206-FB95-4811-96A1-6E7E5BB325A1}.Release|Any CPU.ActiveCfg = Release|Any CPU
		{2A50C206-FB95-4811-96A1-6E7E5BB325A1}.Release|Any CPU.Build.0 = Release|Any CPU
		{B6683DAD-181A-4D52-8A1D-37DE1552EF37}.Debug|Any CPU.ActiveCfg = Debug|Any CPU
		{B6683DAD-181A-4D52-8A1D-37DE1552EF37}.Debug|Any CPU.Build.0 = Debug|Any CPU
		{B6683DAD-181A-4D52-8A1D-37DE1552EF37}.Release|Any CPU.ActiveCfg = Release|Any CPU
		{B6683DAD-181A-4D52-8A1D-37DE1552EF37}.Release|Any CPU.Build.0 = Release|Any CPU
	EndGlobalSection
	GlobalSection(SolutionProperties) = preSolution
		HideSolutionNode = FALSE
	EndGlobalSection
	GlobalSection(ExtensibilityGlobals) = postSolution
		SolutionGuid = {4EEB1F86-D237-42F5-A3A3-9F90FAC4028C}
	EndGlobalSection
EndGlobal
