
Microsoft Visual Studio Solution File, Format Version 12.00
# Visual Studio 15
VisualStudioVersion = 15.0.28307.705
MinimumVisualStudioVersion = 10.0.40219.1
Project("{FAE04EC0-301F-11D3-BF4B-00C04F79EFBC}") = "Lesson 4 - Strings", "Lesson 4 - Strings\Lesson 4 - Strings.csproj", "{C1917789-DBE0-4FE9-9E63-CF42FA52B7F5}"
EndProject
Global
	GlobalSection(SolutionConfigurationPlatforms) = preSolution
		Debug|Any CPU = Debug|Any CPU
		Release|Any CPU = Release|Any CPU
	EndGlobalSection
	GlobalSection(ProjectConfigurationPlatforms) = postSolution
		{C1917789-DBE0-4FE9-9E63-CF42FA52B7F5}.Debug|Any CPU.ActiveCfg = Debug|Any CPU
		{C1917789-DBE0-4FE9-9E63-CF42FA52B7F5}.Debug|Any CPU.Build.0 = Debug|Any CPU
		{C1917789-DBE0-4FE9-9E63-CF42FA52B7F5}.Release|Any CPU.ActiveCfg = Release|Any CPU
		{C1917789-DBE0-4FE9-9E63-CF42FA52B7F5}.Release|Any CPU.Build.0 = Release|Any CPU
	EndGlobalSection
	GlobalSection(SolutionProperties) = preSolution
		HideSolutionNode = FALSE
	EndGlobalSection
	GlobalSection(ExtensibilityGlobals) = postSolution
		SolutionGuid = {32CC1879-1EF7-4E61-8B04-219A8AD7C923}
	EndGlobalSection
EndGlobal
