
Microsoft Visual Studio Solution File, Format Version 12.00
# Visual Studio 15
VisualStudioVersion = 15.0.28307.705
MinimumVisualStudioVersion = 10.0.40219.1
Project("{FAE04EC0-301F-11D3-BF4B-00C04F79EFBC}") = "Lesson 2 - Arrays", "Lesson 2 - Arrays\Lesson 2 - Arrays.csproj", "{8DB10F75-48E9-4170-804F-379BA08CF59D}"
EndProject
Global
	GlobalSection(SolutionConfigurationPlatforms) = preSolution
		Debug|Any CPU = Debug|Any CPU
		Release|Any CPU = Release|Any CPU
	EndGlobalSection
	GlobalSection(ProjectConfigurationPlatforms) = postSolution
		{8DB10F75-48E9-4170-804F-379BA08CF59D}.Debug|Any CPU.ActiveCfg = Debug|Any CPU
		{8DB10F75-48E9-4170-804F-379BA08CF59D}.Debug|Any CPU.Build.0 = Debug|Any CPU
		{8DB10F75-48E9-4170-804F-379BA08CF59D}.Release|Any CPU.ActiveCfg = Release|Any CPU
		{8DB10F75-48E9-4170-804F-379BA08CF59D}.Release|Any CPU.Build.0 = Release|Any CPU
	EndGlobalSection
	GlobalSection(SolutionProperties) = preSolution
		HideSolutionNode = FALSE
	EndGlobalSection
	GlobalSection(ExtensibilityGlobals) = postSolution
		SolutionGuid = {D2F47D29-273F-4B6D-B075-FB74E5B93A13}
	EndGlobalSection
EndGlobal
