
Microsoft Visual Studio Solution File, Format Version 12.00
# Visual Studio 15
VisualStudioVersion = 15.0.28307.645
MinimumVisualStudioVersion = 10.0.40219.1
Project("{FAE04EC0-301F-11D3-BF4B-00C04F79EFBC}") = "Task 2 - House", "Task 2 - House\Task 2 - House.csproj", "{F36F8CF6-BDE4-4B98-B9A4-52F80D72DA73}"
EndProject
Global
	GlobalSection(SolutionConfigurationPlatforms) = preSolution
		Debug|Any CPU = Debug|Any CPU
		Release|Any CPU = Release|Any CPU
	EndGlobalSection
	GlobalSection(ProjectConfigurationPlatforms) = postSolution
		{F36F8CF6-BDE4-4B98-B9A4-52F80D72DA73}.Debug|Any CPU.ActiveCfg = Debug|Any CPU
		{F36F8CF6-BDE4-4B98-B9A4-52F80D72DA73}.Debug|Any CPU.Build.0 = Debug|Any CPU
		{F36F8CF6-BDE4-4B98-B9A4-52F80D72DA73}.Release|Any CPU.ActiveCfg = Release|Any CPU
		{F36F8CF6-BDE4-4B98-B9A4-52F80D72DA73}.Release|Any CPU.Build.0 = Release|Any CPU
	EndGlobalSection
	GlobalSection(SolutionProperties) = preSolution
		HideSolutionNode = FALSE
	EndGlobalSection
	GlobalSection(ExtensibilityGlobals) = postSolution
		SolutionGuid = {AB3946D7-99F4-4A72-AC7D-7E604F214401}
	EndGlobalSection
EndGlobal
