
Microsoft Visual Studio Solution File, Format Version 12.00
# Visual Studio 15
VisualStudioVersion = 15.0.28307.645
MinimumVisualStudioVersion = 10.0.40219.1
Project("{FAE04EC0-301F-11D3-BF4B-00C04F79EFBC}") = "Lesson 10 - Dialog", "Lesson 10 - Dialog\Lesson 10 - Dialog.csproj", "{18E1EFFC-1047-48F8-97CA-6EA22E88078A}"
EndProject
Global
	GlobalSection(SolutionConfigurationPlatforms) = preSolution
		Debug|Any CPU = Debug|Any CPU
		Release|Any CPU = Release|Any CPU
	EndGlobalSection
	GlobalSection(ProjectConfigurationPlatforms) = postSolution
		{18E1EFFC-1047-48F8-97CA-6EA22E88078A}.Debug|Any CPU.ActiveCfg = Debug|Any CPU
		{18E1EFFC-1047-48F8-97CA-6EA22E88078A}.Debug|Any CPU.Build.0 = Debug|Any CPU
		{18E1EFFC-1047-48F8-97CA-6EA22E88078A}.Release|Any CPU.ActiveCfg = Release|Any CPU
		{18E1EFFC-1047-48F8-97CA-6EA22E88078A}.Release|Any CPU.Build.0 = Release|Any CPU
	EndGlobalSection
	GlobalSection(SolutionProperties) = preSolution
		HideSolutionNode = FALSE
	EndGlobalSection
	GlobalSection(ExtensibilityGlobals) = postSolution
		SolutionGuid = {2553EE47-9226-4F67-BAC9-022ABA2E1893}
	EndGlobalSection
EndGlobal
